// !$*UTF8*$!
{
	archiveVersion = 1;
	classes = {
	};
	objectVersion = 46;
	objects = {

/* Begin PBXBuildFile section */
		1106995219EC5AAD0041A595 /* RSSItem_Tests.swift in Sources */ = {isa = PBXBuildFile; fileRef = 1106995119EC5AAD0041A595 /* RSSItem_Tests.swift */; };
		111EFED219FD70D400300EC4 /* template.html in Resources */ = {isa = PBXBuildFile; fileRef = 111EFED119FD70D400300EC4 /* template.html */; };
		114E26C319BA399B00D292F3 /* RSSParser_Tests.swift in Sources */ = {isa = PBXBuildFile; fileRef = 114E26C219BA399B00D292F3 /* RSSParser_Tests.swift */; };
		114F733E19F809C50048E7B0 /* String+imageLinksFromHTML_Tests.swift in Sources */ = {isa = PBXBuildFile; fileRef = 114F733D19F809C50048E7B0 /* String+imageLinksFromHTML_Tests.swift */; };
		117F56AF19D83AF50004DDEA /* SwiftBlog.rss in Resources */ = {isa = PBXBuildFile; fileRef = 117F56AD19D83AF50004DDEA /* SwiftBlog.rss */; };
		117F56B619D872A70004DDEA /* Invalid.rss in Resources */ = {isa = PBXBuildFile; fileRef = 117F56B419D872A70004DDEA /* Invalid.rss */; };
		119025DC19B92DA1009184BE /* AppDelegate.swift in Sources */ = {isa = PBXBuildFile; fileRef = 119025DB19B92DA1009184BE /* AppDelegate.swift */; };
		119025DE19B92DA1009184BE /* MasterViewController.swift in Sources */ = {isa = PBXBuildFile; fileRef = 119025DD19B92DA1009184BE /* MasterViewController.swift */; };
		119025E019B92DA1009184BE /* DetailViewController.swift in Sources */ = {isa = PBXBuildFile; fileRef = 119025DF19B92DA1009184BE /* DetailViewController.swift */; };
		119025E319B92DA1009184BE /* Main.storyboard in Resources */ = {isa = PBXBuildFile; fileRef = 119025E119B92DA1009184BE /* Main.storyboard */; };
		119025E519B92DA1009184BE /* Images.xcassets in Resources */ = {isa = PBXBuildFile; fileRef = 119025E419B92DA1009184BE /* Images.xcassets */; };
		119B5BCB19DEE6C10076A205 /* Wordpress.rss in Resources */ = {isa = PBXBuildFile; fileRef = 119B5BC919DEE6C10076A205 /* Wordpress.rss */; };
		119B5BCF19DEE7320076A205 /* Tumblr.rss in Resources */ = {isa = PBXBuildFile; fileRef = 119B5BCD19DEE7320076A205 /* Tumblr.rss */; };
		11A935F519EFB6D6005B78A1 /* RSSFeed_Tests.swift in Sources */ = {isa = PBXBuildFile; fileRef = 11A935F419EFB6D6005B78A1 /* RSSFeed_Tests.swift */; };
		11C8C1B019DC7A1E0040D5F4 /* NSDate+dateFromInternetDateTimeString_Tests.swift in Sources */ = {isa = PBXBuildFile; fileRef = 11C8C1AF19DC7A1E0040D5F4 /* NSDate+dateFromInternetDateTimeString_Tests.swift */; };
		11F4B4C919E890030020EB6B /* Empty.rss in Resources */ = {isa = PBXBuildFile; fileRef = 11F4B4C719E890030020EB6B /* Empty.rss */; };
		AA39D11F1EC0A1CD0075A9C0 /* SwiftRSS.h in Headers */ = {isa = PBXBuildFile; fileRef = AA4B97281EC085FA009E5EF4 /* SwiftRSS.h */; settings = {ATTRIBUTES = (Public, ); }; };
		AA4B972A1EC085FA009E5EF4 /* SwiftRSS.h in Headers */ = {isa = PBXBuildFile; fileRef = AA4B97281EC085FA009E5EF4 /* SwiftRSS.h */; settings = {ATTRIBUTES = (Public, ); }; };
		AA4B972D1EC085FA009E5EF4 /* SwiftRSS.framework in Frameworks */ = {isa = PBXBuildFile; fileRef = AA4B97261EC085FA009E5EF4 /* SwiftRSS.framework */; };
		AA4B972E1EC085FA009E5EF4 /* SwiftRSS.framework in Embed Frameworks */ = {isa = PBXBuildFile; fileRef = AA4B97261EC085FA009E5EF4 /* SwiftRSS.framework */; settings = {ATTRIBUTES = (CodeSignOnCopy, RemoveHeadersOnCopy, ); }; };
		AA4B97331EC08623009E5EF4 /* RSSParser.swift in Sources */ = {isa = PBXBuildFile; fileRef = 119025FB19B92DDF009184BE /* RSSParser.swift */; };
		AA4B97341EC08623009E5EF4 /* RSSFeed.swift in Sources */ = {isa = PBXBuildFile; fileRef = 119B5BD119E1EB290076A205 /* RSSFeed.swift */; };
		AA4B97351EC08623009E5EF4 /* RSSItem.swift in Sources */ = {isa = PBXBuildFile; fileRef = 117F56B119D861D10004DDEA /* RSSItem.swift */; };
		AA4B97361EC08623009E5EF4 /* NSDate+dateFromInternetDateTimeString.swift in Sources */ = {isa = PBXBuildFile; fileRef = 11C8C1AD19DC3EB80040D5F4 /* NSDate+dateFromInternetDateTimeString.swift */; };
		AA4B97371EC08623009E5EF4 /* String+imageLinksFromHTML.swift in Sources */ = {isa = PBXBuildFile; fileRef = 114F733B19F809200048E7B0 /* String+imageLinksFromHTML.swift */; };
		AA4B973A1EC08CCD009E5EF4 /* Launch.storyboard in Resources */ = {isa = PBXBuildFile; fileRef = AA4B97391EC08CCD009E5EF4 /* Launch.storyboard */; };
/* End PBXBuildFile section */

/* Begin PBXContainerItemProxy section */
		AA4B972B1EC085FA009E5EF4 /* PBXContainerItemProxy */ = {
			isa = PBXContainerItemProxy;
			containerPortal = 119025CE19B92DA1009184BE /* Project object */;
			proxyType = 1;
			remoteGlobalIDString = AA4B97251EC085FA009E5EF4;
			remoteInfo = SwiftRSS;
		};
		AA4B973D1EC09B57009E5EF4 /* PBXContainerItemProxy */ = {
			isa = PBXContainerItemProxy;
			containerPortal = 119025CE19B92DA1009184BE /* Project object */;
			proxyType = 1;
			remoteGlobalIDString = AA4B97251EC085FA009E5EF4;
			remoteInfo = SwiftRSS;
		};
/* End PBXContainerItemProxy section */

/* Begin PBXCopyFilesBuildPhase section */
		AA4B97321EC085FA009E5EF4 /* Embed Frameworks */ = {
			isa = PBXCopyFilesBuildPhase;
			buildActionMask = 2147483647;
			dstPath = "";
			dstSubfolderSpec = 10;
			files = (
				AA4B972E1EC085FA009E5EF4 /* SwiftRSS.framework in Embed Frameworks */,
			);
			name = "Embed Frameworks";
			runOnlyForDeploymentPostprocessing = 0;
		};
/* End PBXCopyFilesBuildPhase section */

/* Begin PBXFileReference section */
		1106995119EC5AAD0041A595 /* RSSItem_Tests.swift */ = {isa = PBXFileReference; fileEncoding = 4; lastKnownFileType = sourcecode.swift; path = RSSItem_Tests.swift; sourceTree = "<group>"; };
		111EFED119FD70D400300EC4 /* template.html */ = {isa = PBXFileReference; fileEncoding = 4; lastKnownFileType = text.html; path = template.html; sourceTree = "<group>"; };
		114E26BE19BA399B00D292F3 /* Tests.xctest */ = {isa = PBXFileReference; explicitFileType = wrapper.cfbundle; includeInIndex = 0; path = Tests.xctest; sourceTree = BUILT_PRODUCTS_DIR; };
		114E26C119BA399B00D292F3 /* Info.plist */ = {isa = PBXFileReference; lastKnownFileType = text.plist.xml; path = Info.plist; sourceTree = "<group>"; };
		114E26C219BA399B00D292F3 /* RSSParser_Tests.swift */ = {isa = PBXFileReference; lastKnownFileType = sourcecode.swift; path = RSSParser_Tests.swift; sourceTree = "<group>"; };
		114F733B19F809200048E7B0 /* String+imageLinksFromHTML.swift */ = {isa = PBXFileReference; fileEncoding = 4; lastKnownFileType = sourcecode.swift; path = "String+imageLinksFromHTML.swift"; sourceTree = "<group>"; };
		114F733D19F809C50048E7B0 /* String+imageLinksFromHTML_Tests.swift */ = {isa = PBXFileReference; fileEncoding = 4; lastKnownFileType = sourcecode.swift; path = "String+imageLinksFromHTML_Tests.swift"; sourceTree = "<group>"; };
		117F56AD19D83AF50004DDEA /* SwiftBlog.rss */ = {isa = PBXFileReference; fileEncoding = 4; lastKnownFileType = text; path = SwiftBlog.rss; sourceTree = "<group>"; };
		117F56B119D861D10004DDEA /* RSSItem.swift */ = {isa = PBXFileReference; fileEncoding = 4; lastKnownFileType = sourcecode.swift; path = RSSItem.swift; sourceTree = "<group>"; };
		117F56B419D872A70004DDEA /* Invalid.rss */ = {isa = PBXFileReference; fileEncoding = 4; lastKnownFileType = text; path = Invalid.rss; sourceTree = "<group>"; };
		119025D619B92DA1009184BE /* SwiftRSS_Example.app */ = {isa = PBXFileReference; explicitFileType = wrapper.application; includeInIndex = 0; path = SwiftRSS_Example.app; sourceTree = BUILT_PRODUCTS_DIR; };
		119025DA19B92DA1009184BE /* Info.plist */ = {isa = PBXFileReference; lastKnownFileType = text.plist.xml; path = Info.plist; sourceTree = "<group>"; };
		119025DB19B92DA1009184BE /* AppDelegate.swift */ = {isa = PBXFileReference; lastKnownFileType = sourcecode.swift; path = AppDelegate.swift; sourceTree = "<group>"; };
		119025DD19B92DA1009184BE /* MasterViewController.swift */ = {isa = PBXFileReference; lastKnownFileType = sourcecode.swift; path = MasterViewController.swift; sourceTree = "<group>"; };
		119025DF19B92DA1009184BE /* DetailViewController.swift */ = {isa = PBXFileReference; lastKnownFileType = sourcecode.swift; path = DetailViewController.swift; sourceTree = "<group>"; };
		119025E219B92DA1009184BE /* Base */ = {isa = PBXFileReference; lastKnownFileType = file.storyboard; name = Base; path = Base.lproj/Main.storyboard; sourceTree = "<group>"; };
		119025E419B92DA1009184BE /* Images.xcassets */ = {isa = PBXFileReference; lastKnownFileType = folder.assetcatalog; path = Images.xcassets; sourceTree = "<group>"; };
		119025FB19B92DDF009184BE /* RSSParser.swift */ = {isa = PBXFileReference; fileEncoding = 4; lastKnownFileType = sourcecode.swift; path = RSSParser.swift; sourceTree = "<group>"; };
		119B5BC919DEE6C10076A205 /* Wordpress.rss */ = {isa = PBXFileReference; fileEncoding = 4; lastKnownFileType = text; path = Wordpress.rss; sourceTree = "<group>"; };
		119B5BCD19DEE7320076A205 /* Tumblr.rss */ = {isa = PBXFileReference; fileEncoding = 4; lastKnownFileType = text; path = Tumblr.rss; sourceTree = "<group>"; };
		119B5BD119E1EB290076A205 /* RSSFeed.swift */ = {isa = PBXFileReference; fileEncoding = 4; lastKnownFileType = sourcecode.swift; path = RSSFeed.swift; sourceTree = "<group>"; };
		11A935F419EFB6D6005B78A1 /* RSSFeed_Tests.swift */ = {isa = PBXFileReference; fileEncoding = 4; lastKnownFileType = sourcecode.swift; path = RSSFeed_Tests.swift; sourceTree = "<group>"; };
		11C8C1AD19DC3EB80040D5F4 /* NSDate+dateFromInternetDateTimeString.swift */ = {isa = PBXFileReference; fileEncoding = 4; lastKnownFileType = sourcecode.swift; path = "NSDate+dateFromInternetDateTimeString.swift"; sourceTree = "<group>"; };
		11C8C1AF19DC7A1E0040D5F4 /* NSDate+dateFromInternetDateTimeString_Tests.swift */ = {isa = PBXFileReference; fileEncoding = 4; lastKnownFileType = sourcecode.swift; path = "NSDate+dateFromInternetDateTimeString_Tests.swift"; sourceTree = "<group>"; };
		11F4B4C719E890030020EB6B /* Empty.rss */ = {isa = PBXFileReference; fileEncoding = 4; lastKnownFileType = text; path = Empty.rss; sourceTree = "<group>"; };
		AA39D1171EC0A04D0075A9C0 /* SwiftRSS.framework */ = {isa = PBXFileReference; explicitFileType = wrapper.framework; includeInIndex = 0; path = SwiftRSS.framework; sourceTree = BUILT_PRODUCTS_DIR; };
		AA39D11A1EC0A04D0075A9C0 /* Info-tvOS.plist */ = {isa = PBXFileReference; lastKnownFileType = text.plist.xml; name = "Info-tvOS.plist"; path = "SwiftRSS/Info-tvOS.plist"; sourceTree = SOURCE_ROOT; };
		AA4B97261EC085FA009E5EF4 /* SwiftRSS.framework */ = {isa = PBXFileReference; explicitFileType = wrapper.framework; includeInIndex = 0; path = SwiftRSS.framework; sourceTree = BUILT_PRODUCTS_DIR; };
		AA4B97281EC085FA009E5EF4 /* SwiftRSS.h */ = {isa = PBXFileReference; lastKnownFileType = sourcecode.c.h; path = SwiftRSS.h; sourceTree = "<group>"; };
		AA4B97291EC085FA009E5EF4 /* Info-iOS.plist */ = {isa = PBXFileReference; lastKnownFileType = text.plist.xml; path = "Info-iOS.plist"; sourceTree = "<group>"; };
		AA4B97391EC08CCD009E5EF4 /* Launch.storyboard */ = {isa = PBXFileReference; fileEncoding = 4; lastKnownFileType = file.storyboard; path = Launch.storyboard; sourceTree = "<group>"; };
/* End PBXFileReference section */

/* Begin PBXFrameworksBuildPhase section */
		114E26BB19BA399B00D292F3 /* Frameworks */ = {
			isa = PBXFrameworksBuildPhase;
			buildActionMask = 2147483647;
			files = (
			);
			runOnlyForDeploymentPostprocessing = 0;
		};
		119025D319B92DA1009184BE /* Frameworks */ = {
			isa = PBXFrameworksBuildPhase;
			buildActionMask = 2147483647;
			files = (
				AA4B972D1EC085FA009E5EF4 /* SwiftRSS.framework in Frameworks */,
			);
			runOnlyForDeploymentPostprocessing = 0;
		};
		AA39D1131EC0A04D0075A9C0 /* Frameworks */ = {
			isa = PBXFrameworksBuildPhase;
			buildActionMask = 2147483647;
			files = (
			);
			runOnlyForDeploymentPostprocessing = 0;
		};
		AA4B97221EC085FA009E5EF4 /* Frameworks */ = {
			isa = PBXFrameworksBuildPhase;
			buildActionMask = 2147483647;
			files = (
			);
			runOnlyForDeploymentPostprocessing = 0;
		};
/* End PBXFrameworksBuildPhase section */

/* Begin PBXGroup section */
		114E26BF19BA399B00D292F3 /* Tests */ = {
			isa = PBXGroup;
			children = (
				117F56AC19D83AC80004DDEA /* Mocks */,
				114E26C219BA399B00D292F3 /* RSSParser_Tests.swift */,
				11C8C1AF19DC7A1E0040D5F4 /* NSDate+dateFromInternetDateTimeString_Tests.swift */,
				1106995119EC5AAD0041A595 /* RSSItem_Tests.swift */,
				11A935F419EFB6D6005B78A1 /* RSSFeed_Tests.swift */,
				114F733D19F809C50048E7B0 /* String+imageLinksFromHTML_Tests.swift */,
				114E26C019BA399B00D292F3 /* Supporting Files */,
			);
			path = Tests;
			sourceTree = "<group>";
		};
		114E26C019BA399B00D292F3 /* Supporting Files */ = {
			isa = PBXGroup;
			children = (
				114E26C119BA399B00D292F3 /* Info.plist */,
			);
			name = "Supporting Files";
			sourceTree = "<group>";
		};
		117F56AC19D83AC80004DDEA /* Mocks */ = {
			isa = PBXGroup;
			children = (
				117F56AD19D83AF50004DDEA /* SwiftBlog.rss */,
				117F56B419D872A70004DDEA /* Invalid.rss */,
				119B5BC919DEE6C10076A205 /* Wordpress.rss */,
				119B5BCD19DEE7320076A205 /* Tumblr.rss */,
				11F4B4C719E890030020EB6B /* Empty.rss */,
			);
			path = Mocks;
			sourceTree = "<group>";
		};
		119025CD19B92DA1009184BE = {
			isa = PBXGroup;
			children = (
				119025FA19B92DB1009184BE /* SwiftRSS */,
				119025D819B92DA1009184BE /* SwiftRSS_Example */,
				114E26BF19BA399B00D292F3 /* Tests */,
				119025D719B92DA1009184BE /* Products */,
			);
			sourceTree = "<group>";
		};
		119025D719B92DA1009184BE /* Products */ = {
			isa = PBXGroup;
			children = (
				119025D619B92DA1009184BE /* SwiftRSS_Example.app */,
				114E26BE19BA399B00D292F3 /* Tests.xctest */,
				AA4B97261EC085FA009E5EF4 /* SwiftRSS.framework */,
				AA39D1171EC0A04D0075A9C0 /* SwiftRSS.framework */,
			);
			name = Products;
			sourceTree = "<group>";
		};
		119025D819B92DA1009184BE /* SwiftRSS_Example */ = {
			isa = PBXGroup;
			children = (
				119025DB19B92DA1009184BE /* AppDelegate.swift */,
				119025DD19B92DA1009184BE /* MasterViewController.swift */,
				119025DF19B92DA1009184BE /* DetailViewController.swift */,
				119025E119B92DA1009184BE /* Main.storyboard */,
				AA4B97391EC08CCD009E5EF4 /* Launch.storyboard */,
				119025E419B92DA1009184BE /* Images.xcassets */,
				119025D919B92DA1009184BE /* Supporting Files */,
				111EFED119FD70D400300EC4 /* template.html */,
			);
			path = SwiftRSS_Example;
			sourceTree = "<group>";
		};
		119025D919B92DA1009184BE /* Supporting Files */ = {
			isa = PBXGroup;
			children = (
				119025DA19B92DA1009184BE /* Info.plist */,
			);
			name = "Supporting Files";
			sourceTree = "<group>";
		};
		119025FA19B92DB1009184BE /* SwiftRSS */ = {
			isa = PBXGroup;
			children = (
				AA4B97281EC085FA009E5EF4 /* SwiftRSS.h */,
				119025FB19B92DDF009184BE /* RSSParser.swift */,
				119B5BD119E1EB290076A205 /* RSSFeed.swift */,
				117F56B119D861D10004DDEA /* RSSItem.swift */,
				11C8C1AD19DC3EB80040D5F4 /* NSDate+dateFromInternetDateTimeString.swift */,
				114F733B19F809200048E7B0 /* String+imageLinksFromHTML.swift */,
				AA4B97291EC085FA009E5EF4 /* Info-iOS.plist */,
				AA39D11A1EC0A04D0075A9C0 /* Info-tvOS.plist */,
			);
			path = SwiftRSS;
			sourceTree = "<group>";
		};
/* End PBXGroup section */

/* Begin PBXHeadersBuildPhase section */
		AA39D1141EC0A04D0075A9C0 /* Headers */ = {
			isa = PBXHeadersBuildPhase;
			buildActionMask = 2147483647;
			files = (
				AA39D11F1EC0A1CD0075A9C0 /* SwiftRSS.h in Headers */,
			);
			runOnlyForDeploymentPostprocessing = 0;
		};
		AA4B97231EC085FA009E5EF4 /* Headers */ = {
			isa = PBXHeadersBuildPhase;
			buildActionMask = 2147483647;
			files = (
				AA4B972A1EC085FA009E5EF4 /* SwiftRSS.h in Headers */,
			);
			runOnlyForDeploymentPostprocessing = 0;
		};
/* End PBXHeadersBuildPhase section */

/* Begin PBXNativeTarget section */
		114E26BD19BA399B00D292F3 /* Tests */ = {
			isa = PBXNativeTarget;
			buildConfigurationList = 114E26C619BA399B00D292F3 /* Build configuration list for PBXNativeTarget "Tests" */;
			buildPhases = (
				114E26BA19BA399B00D292F3 /* Sources */,
				114E26BB19BA399B00D292F3 /* Frameworks */,
				114E26BC19BA399B00D292F3 /* Resources */,
			);
			buildRules = (
			);
			dependencies = (
				AA4B973E1EC09B57009E5EF4 /* PBXTargetDependency */,
			);
			name = Tests;
			productName = Tests;
			productReference = 114E26BE19BA399B00D292F3 /* Tests.xctest */;
			productType = "com.apple.product-type.bundle.unit-test";
		};
		119025D519B92DA1009184BE /* SwiftRSS_Example */ = {
			isa = PBXNativeTarget;
			buildConfigurationList = 119025F419B92DA1009184BE /* Build configuration list for PBXNativeTarget "SwiftRSS_Example" */;
			buildPhases = (
				119025D219B92DA1009184BE /* Sources */,
				119025D319B92DA1009184BE /* Frameworks */,
				119025D419B92DA1009184BE /* Resources */,
				AA4B97321EC085FA009E5EF4 /* Embed Frameworks */,
			);
			buildRules = (
			);
			dependencies = (
				AA4B972C1EC085FA009E5EF4 /* PBXTargetDependency */,
			);
			name = SwiftRSS_Example;
			productName = SwiftRSS_Example;
			productReference = 119025D619B92DA1009184BE /* SwiftRSS_Example.app */;
			productType = "com.apple.product-type.application";
		};
		AA39D1161EC0A04D0075A9C0 /* SwiftRSS-tvOS */ = {
			isa = PBXNativeTarget;
			buildConfigurationList = AA39D11C1EC0A04D0075A9C0 /* Build configuration list for PBXNativeTarget "SwiftRSS-tvOS" */;
			buildPhases = (
				AA39D1121EC0A04D0075A9C0 /* Sources */,
				AA39D1131EC0A04D0075A9C0 /* Frameworks */,
				AA39D1141EC0A04D0075A9C0 /* Headers */,
				AA39D1151EC0A04D0075A9C0 /* Resources */,
			);
			buildRules = (
			);
			dependencies = (
			);
			name = "SwiftRSS-tvOS";
			productName = "SwiftRSS-tvOS";
			productReference = AA39D1171EC0A04D0075A9C0 /* SwiftRSS.framework */;
			productType = "com.apple.product-type.framework";
		};
		AA4B97251EC085FA009E5EF4 /* SwiftRSS-iOS */ = {
			isa = PBXNativeTarget;
			buildConfigurationList = AA4B97311EC085FA009E5EF4 /* Build configuration list for PBXNativeTarget "SwiftRSS-iOS" */;
			buildPhases = (
				AA4B97211EC085FA009E5EF4 /* Sources */,
				AA4B97221EC085FA009E5EF4 /* Frameworks */,
				AA4B97231EC085FA009E5EF4 /* Headers */,
				AA4B97241EC085FA009E5EF4 /* Resources */,
			);
			buildRules = (
			);
			dependencies = (
			);
			name = "SwiftRSS-iOS";
			productName = SwiftRSS;
			productReference = AA4B97261EC085FA009E5EF4 /* SwiftRSS.framework */;
			productType = "com.apple.product-type.framework";
		};
/* End PBXNativeTarget section */

/* Begin PBXProject section */
		119025CE19B92DA1009184BE /* Project object */ = {
			isa = PBXProject;
			attributes = {
				LastUpgradeCheck = 0830;
				ORGANIZATIONNAME = "Thibaut LE LEVIER";
				TargetAttributes = {
					114E26BD19BA399B00D292F3 = {
						CreatedOnToolsVersion = 6.0;
						LastSwiftMigration = 0830;
						ProvisioningStyle = Automatic;
					};
					119025D519B92DA1009184BE = {
						CreatedOnToolsVersion = 6.0;
						LastSwiftMigration = 0830;
					};
					AA39D1161EC0A04D0075A9C0 = {
						CreatedOnToolsVersion = 8.3.2;
						ProvisioningStyle = Automatic;
					};
					AA4B97251EC085FA009E5EF4 = {
						CreatedOnToolsVersion = 8.3.2;
						ProvisioningStyle = Automatic;
					};
				};
			};
			buildConfigurationList = 119025D119B92DA1009184BE /* Build configuration list for PBXProject "SwiftRSS_Example" */;
			compatibilityVersion = "Xcode 3.2";
			developmentRegion = English;
			hasScannedForEncodings = 0;
			knownRegions = (
				en,
				Base,
			);
			mainGroup = 119025CD19B92DA1009184BE;
			productRefGroup = 119025D719B92DA1009184BE /* Products */;
			projectDirPath = "";
			projectRoot = "";
			targets = (
				119025D519B92DA1009184BE /* SwiftRSS_Example */,
				AA4B97251EC085FA009E5EF4 /* SwiftRSS-iOS */,
				AA39D1161EC0A04D0075A9C0 /* SwiftRSS-tvOS */,
				114E26BD19BA399B00D292F3 /* Tests */,
			);
		};
/* End PBXProject section */

/* Begin PBXResourcesBuildPhase section */
		114E26BC19BA399B00D292F3 /* Resources */ = {
			isa = PBXResourcesBuildPhase;
			buildActionMask = 2147483647;
			files = (
				119B5BCB19DEE6C10076A205 /* Wordpress.rss in Resources */,
				117F56B619D872A70004DDEA /* Invalid.rss in Resources */,
				119B5BCF19DEE7320076A205 /* Tumblr.rss in Resources */,
				117F56AF19D83AF50004DDEA /* SwiftBlog.rss in Resources */,
				11F4B4C919E890030020EB6B /* Empty.rss in Resources */,
			);
			runOnlyForDeploymentPostprocessing = 0;
		};
		119025D419B92DA1009184BE /* Resources */ = {
			isa = PBXResourcesBuildPhase;
			buildActionMask = 2147483647;
			files = (
				119025E319B92DA1009184BE /* Main.storyboard in Resources */,
				111EFED219FD70D400300EC4 /* template.html in Resources */,
				119025E519B92DA1009184BE /* Images.xcassets in Resources */,
				AA4B973A1EC08CCD009E5EF4 /* Launch.storyboard in Resources */,
			);
			runOnlyForDeploymentPostprocessing = 0;
		};
		AA39D1151EC0A04D0075A9C0 /* Resources */ = {
			isa = PBXResourcesBuildPhase;
			buildActionMask = 2147483647;
			files = (
			);
			runOnlyForDeploymentPostprocessing = 0;
		};
		AA4B97241EC085FA009E5EF4 /* Resources */ = {
			isa = PBXResourcesBuildPhase;
			buildActionMask = 2147483647;
			files = (
			);
			runOnlyForDeploymentPostprocessing = 0;
		};
/* End PBXResourcesBuildPhase section */

/* Begin PBXSourcesBuildPhase section */
		114E26BA19BA399B00D292F3 /* Sources */ = {
			isa = PBXSourcesBuildPhase;
			buildActionMask = 2147483647;
			files = (
				114F733E19F809C50048E7B0 /* String+imageLinksFromHTML_Tests.swift in Sources */,
				11C8C1B019DC7A1E0040D5F4 /* NSDate+dateFromInternetDateTimeString_Tests.swift in Sources */,
				1106995219EC5AAD0041A595 /* RSSItem_Tests.swift in Sources */,
				11A935F519EFB6D6005B78A1 /* RSSFeed_Tests.swift in Sources */,
				114E26C319BA399B00D292F3 /* RSSParser_Tests.swift in Sources */,
			);
			runOnlyForDeploymentPostprocessing = 0;
		};
		119025D219B92DA1009184BE /* Sources */ = {
			isa = PBXSourcesBuildPhase;
			buildActionMask = 2147483647;
			files = (
				119025E019B92DA1009184BE /* DetailViewController.swift in Sources */,
				119025DE19B92DA1009184BE /* MasterViewController.swift in Sources */,
				119025DC19B92DA1009184BE /* AppDelegate.swift in Sources */,
			);
			runOnlyForDeploymentPostprocessing = 0;
		};
		AA39D1121EC0A04D0075A9C0 /* Sources */ = {
			isa = PBXSourcesBuildPhase;
			buildActionMask = 2147483647;
			files = (
			);
			runOnlyForDeploymentPostprocessing = 0;
		};
		AA4B97211EC085FA009E5EF4 /* Sources */ = {
			isa = PBXSourcesBuildPhase;
			buildActionMask = 2147483647;
			files = (
				AA4B97351EC08623009E5EF4 /* RSSItem.swift in Sources */,
				AA4B97341EC08623009E5EF4 /* RSSFeed.swift in Sources */,
				AA4B97371EC08623009E5EF4 /* String+imageLinksFromHTML.swift in Sources */,
				AA4B97331EC08623009E5EF4 /* RSSParser.swift in Sources */,
				AA4B97361EC08623009E5EF4 /* NSDate+dateFromInternetDateTimeString.swift in Sources */,
			);
			runOnlyForDeploymentPostprocessing = 0;
		};
/* End PBXSourcesBuildPhase section */

/* Begin PBXTargetDependency section */
		AA4B972C1EC085FA009E5EF4 /* PBXTargetDependency */ = {
			isa = PBXTargetDependency;
			target = AA4B97251EC085FA009E5EF4 /* SwiftRSS-iOS */;
			targetProxy = AA4B972B1EC085FA009E5EF4 /* PBXContainerItemProxy */;
		};
		AA4B973E1EC09B57009E5EF4 /* PBXTargetDependency */ = {
			isa = PBXTargetDependency;
			target = AA4B97251EC085FA009E5EF4 /* SwiftRSS-iOS */;
			targetProxy = AA4B973D1EC09B57009E5EF4 /* PBXContainerItemProxy */;
		};
/* End PBXTargetDependency section */

/* Begin PBXVariantGroup section */
		119025E119B92DA1009184BE /* Main.storyboard */ = {
			isa = PBXVariantGroup;
			children = (
				119025E219B92DA1009184BE /* Base */,
			);
			name = Main.storyboard;
			sourceTree = "<group>";
		};
/* End PBXVariantGroup section */

/* Begin XCBuildConfiguration section */
		114E26C719BA399B00D292F3 /* Debug */ = {
			isa = XCBuildConfiguration;
			buildSettings = {
				"CODE_SIGN_IDENTITY[sdk=iphoneos*]" = "iPhone Developer";
				DEVELOPMENT_TEAM = "";
				FRAMEWORK_SEARCH_PATHS = (
					"$(SDKROOT)/Developer/Library/Frameworks",
					"$(inherited)",
				);
				GCC_PREPROCESSOR_DEFINITIONS = (
					"DEBUG=1",
					"$(inherited)",
				);
				INFOPLIST_FILE = Tests/Info.plist;
				LD_RUNPATH_SEARCH_PATHS = "$(inherited) @executable_path/Frameworks @loader_path/Frameworks";
				PRODUCT_BUNDLE_IDENTIFIER = "com.lelevier.$(PRODUCT_NAME:rfc1034identifier)";
				PRODUCT_NAME = "$(TARGET_NAME)";
				PROVISIONING_PROFILE_SPECIFIER = "";
				SWIFT_VERSION = 3.0;
			};
			name = Debug;
		};
		114E26C819BA399B00D292F3 /* Release */ = {
			isa = XCBuildConfiguration;
			buildSettings = {
				"CODE_SIGN_IDENTITY[sdk=iphoneos*]" = "iPhone Developer";
				DEVELOPMENT_TEAM = "";
				FRAMEWORK_SEARCH_PATHS = (
					"$(SDKROOT)/Developer/Library/Frameworks",
					"$(inherited)",
				);
				INFOPLIST_FILE = Tests/Info.plist;
				LD_RUNPATH_SEARCH_PATHS = "$(inherited) @executable_path/Frameworks @loader_path/Frameworks";
				PRODUCT_BUNDLE_IDENTIFIER = "com.lelevier.$(PRODUCT_NAME:rfc1034identifier)";
				PRODUCT_NAME = "$(TARGET_NAME)";
				PROVISIONING_PROFILE_SPECIFIER = "";
				SWIFT_VERSION = 3.0;
			};
			name = Release;
		};
		119025F219B92DA1009184BE /* Debug */ = {
			isa = XCBuildConfiguration;
			buildSettings = {
				ALWAYS_SEARCH_USER_PATHS = NO;
				CLANG_CXX_LANGUAGE_STANDARD = "gnu++0x";
				CLANG_CXX_LIBRARY = "libc++";
				CLANG_ENABLE_MODULES = YES;
				CLANG_ENABLE_OBJC_ARC = YES;
				CLANG_WARN_BOOL_CONVERSION = YES;
				CLANG_WARN_CONSTANT_CONVERSION = YES;
				CLANG_WARN_DIRECT_OBJC_ISA_USAGE = YES_ERROR;
				CLANG_WARN_EMPTY_BODY = YES;
				CLANG_WARN_ENUM_CONVERSION = YES;
				CLANG_WARN_INFINITE_RECURSION = YES;
				CLANG_WARN_INT_CONVERSION = YES;
				CLANG_WARN_OBJC_ROOT_CLASS = YES_ERROR;
				CLANG_WARN_SUSPICIOUS_MOVE = YES;
				CLANG_WARN_UNREACHABLE_CODE = YES;
				CLANG_WARN__DUPLICATE_METHOD_MATCH = YES;
				"CODE_SIGN_IDENTITY[sdk=iphoneos*]" = "iPhone Developer";
				COPY_PHASE_STRIP = NO;
				ENABLE_STRICT_OBJC_MSGSEND = YES;
				ENABLE_TESTABILITY = YES;
				GCC_C_LANGUAGE_STANDARD = gnu99;
				GCC_DYNAMIC_NO_PIC = NO;
				GCC_NO_COMMON_BLOCKS = YES;
				GCC_OPTIMIZATION_LEVEL = 0;
				GCC_PREPROCESSOR_DEFINITIONS = (
					"DEBUG=1",
					"$(inherited)",
				);
				GCC_SYMBOLS_PRIVATE_EXTERN = NO;
				GCC_WARN_64_TO_32_BIT_CONVERSION = YES;
				GCC_WARN_ABOUT_RETURN_TYPE = YES_ERROR;
				GCC_WARN_UNDECLARED_SELECTOR = YES;
				GCC_WARN_UNINITIALIZED_AUTOS = YES_AGGRESSIVE;
				GCC_WARN_UNUSED_FUNCTION = YES;
				GCC_WARN_UNUSED_VARIABLE = YES;
				IPHONEOS_DEPLOYMENT_TARGET = 8.0;
				MTL_ENABLE_DEBUG_INFO = YES;
				ONLY_ACTIVE_ARCH = YES;
				SDKROOT = iphoneos;
				SWIFT_OPTIMIZATION_LEVEL = "-Onone";
				TARGETED_DEVICE_FAMILY = "1,2";
			};
			name = Debug;
		};
		119025F319B92DA1009184BE /* Release */ = {
			isa = XCBuildConfiguration;
			buildSettings = {
				ALWAYS_SEARCH_USER_PATHS = NO;
				CLANG_CXX_LANGUAGE_STANDARD = "gnu++0x";
				CLANG_CXX_LIBRARY = "libc++";
				CLANG_ENABLE_MODULES = YES;
				CLANG_ENABLE_OBJC_ARC = YES;
				CLANG_WARN_BOOL_CONVERSION = YES;
				CLANG_WARN_CONSTANT_CONVERSION = YES;
				CLANG_WARN_DIRECT_OBJC_ISA_USAGE = YES_ERROR;
				CLANG_WARN_EMPTY_BODY = YES;
				CLANG_WARN_ENUM_CONVERSION = YES;
				CLANG_WARN_INFINITE_RECURSION = YES;
				CLANG_WARN_INT_CONVERSION = YES;
				CLANG_WARN_OBJC_ROOT_CLASS = YES_ERROR;
				CLANG_WARN_SUSPICIOUS_MOVE = YES;
				CLANG_WARN_UNREACHABLE_CODE = YES;
				CLANG_WARN__DUPLICATE_METHOD_MATCH = YES;
				"CODE_SIGN_IDENTITY[sdk=iphoneos*]" = "iPhone Developer";
				COPY_PHASE_STRIP = YES;
				ENABLE_NS_ASSERTIONS = NO;
				ENABLE_STRICT_OBJC_MSGSEND = YES;
				GCC_C_LANGUAGE_STANDARD = gnu99;
				GCC_NO_COMMON_BLOCKS = YES;
				GCC_WARN_64_TO_32_BIT_CONVERSION = YES;
				GCC_WARN_ABOUT_RETURN_TYPE = YES_ERROR;
				GCC_WARN_UNDECLARED_SELECTOR = YES;
				GCC_WARN_UNINITIALIZED_AUTOS = YES_AGGRESSIVE;
				GCC_WARN_UNUSED_FUNCTION = YES;
				GCC_WARN_UNUSED_VARIABLE = YES;
				IPHONEOS_DEPLOYMENT_TARGET = 8.0;
				MTL_ENABLE_DEBUG_INFO = NO;
				SDKROOT = iphoneos;
				SWIFT_OPTIMIZATION_LEVEL = "-Owholemodule";
				TARGETED_DEVICE_FAMILY = "1,2";
				VALIDATE_PRODUCT = YES;
			};
			name = Release;
		};
		119025F519B92DA1009184BE /* Debug */ = {
			isa = XCBuildConfiguration;
			buildSettings = {
				ALWAYS_EMBED_SWIFT_STANDARD_LIBRARIES = YES;
				ASSETCATALOG_COMPILER_APPICON_NAME = AppIcon;
				INFOPLIST_FILE = SwiftRSS_Example/Info.plist;
				LD_RUNPATH_SEARCH_PATHS = "$(inherited) @executable_path/Frameworks";
				PRODUCT_BUNDLE_IDENTIFIER = "com.lelevier.$(PRODUCT_NAME:rfc1034identifier)";
				PRODUCT_NAME = "$(TARGET_NAME)";
				SWIFT_VERSION = 3.0;
				TVOS_DEPLOYMENT_TARGET = 9.0;
			};
			name = Debug;
		};
		119025F619B92DA1009184BE /* Release */ = {
			isa = XCBuildConfiguration;
			buildSettings = {
				ALWAYS_EMBED_SWIFT_STANDARD_LIBRARIES = YES;
				ASSETCATALOG_COMPILER_APPICON_NAME = AppIcon;
				INFOPLIST_FILE = SwiftRSS_Example/Info.plist;
				LD_RUNPATH_SEARCH_PATHS = "$(inherited) @executable_path/Frameworks";
				PRODUCT_BUNDLE_IDENTIFIER = "com.lelevier.$(PRODUCT_NAME:rfc1034identifier)";
				PRODUCT_NAME = "$(TARGET_NAME)";
				SWIFT_VERSION = 3.0;
				TVOS_DEPLOYMENT_TARGET = 9.0;
			};
			name = Release;
		};
		AA39D11D1EC0A04D0075A9C0 /* Debug */ = {
			isa = XCBuildConfiguration;
			buildSettings = {
				CLANG_ANALYZER_NONNULL = YES;
				CLANG_ANALYZER_NUMBER_OBJECT_CONVERSION = YES_AGGRESSIVE;
				CLANG_WARN_DOCUMENTATION_COMMENTS = YES;
				CODE_SIGN_IDENTITY = "";
				CURRENT_PROJECT_VERSION = 1;
				DEBUG_INFORMATION_FORMAT = dwarf;
				DEFINES_MODULE = YES;
				DYLIB_COMPATIBILITY_VERSION = 1;
				DYLIB_CURRENT_VERSION = 1;
				DYLIB_INSTALL_NAME_BASE = "@rpath";
				INFOPLIST_FILE = "SwiftRSS/Info-tvOS.plist";
				INSTALL_PATH = "$(LOCAL_LIBRARY_DIR)/Frameworks";
				LD_RUNPATH_SEARCH_PATHS = "$(inherited) @executable_path/Frameworks @loader_path/Frameworks";
				PRODUCT_BUNDLE_IDENTIFIER = com.lelevier.SwiftRSS;
				PRODUCT_NAME = SwiftRSS;
				SDKROOT = appletvos;
				SKIP_INSTALL = YES;
				SWIFT_ACTIVE_COMPILATION_CONDITIONS = DEBUG;
				SWIFT_VERSION = 3.0;
				TARGETED_DEVICE_FAMILY = 3;
				TVOS_DEPLOYMENT_TARGET = 10.2;
				VERSIONING_SYSTEM = "apple-generic";
				VERSION_INFO_PREFIX = "";
			};
			name = Debug;
		};
		AA39D11E1EC0A04D0075A9C0 /* Release */ = {
			isa = XCBuildConfiguration;
			buildSettings = {
				CLANG_ANALYZER_NONNULL = YES;
				CLANG_ANALYZER_NUMBER_OBJECT_CONVERSION = YES_AGGRESSIVE;
				CLANG_WARN_DOCUMENTATION_COMMENTS = YES;
				CODE_SIGN_IDENTITY = "";
				COPY_PHASE_STRIP = NO;
				CURRENT_PROJECT_VERSION = 1;
				DEBUG_INFORMATION_FORMAT = "dwarf-with-dsym";
				DEFINES_MODULE = YES;
				DYLIB_COMPATIBILITY_VERSION = 1;
				DYLIB_CURRENT_VERSION = 1;
				DYLIB_INSTALL_NAME_BASE = "@rpath";
				INFOPLIST_FILE = "SwiftRSS/Info-tvOS.plist";
				INSTALL_PATH = "$(LOCAL_LIBRARY_DIR)/Frameworks";
				LD_RUNPATH_SEARCH_PATHS = "$(inherited) @executable_path/Frameworks @loader_path/Frameworks";
				PRODUCT_BUNDLE_IDENTIFIER = com.lelevier.SwiftRSS;
				PRODUCT_NAME = SwiftRSS;
				SDKROOT = appletvos;
				SKIP_INSTALL = YES;
				SWIFT_VERSION = 3.0;
				TARGETED_DEVICE_FAMILY = 3;
				TVOS_DEPLOYMENT_TARGET = 10.2;
				VERSIONING_SYSTEM = "apple-generic";
				VERSION_INFO_PREFIX = "";
			};
			name = Release;
		};
		AA4B972F1EC085FA009E5EF4 /* Debug */ = {
			isa = XCBuildConfiguration;
			buildSettings = {
				CLANG_ANALYZER_NONNULL = YES;
				CLANG_ANALYZER_NUMBER_OBJECT_CONVERSION = YES_AGGRESSIVE;
				CLANG_WARN_DOCUMENTATION_COMMENTS = YES;
				CLANG_WARN_INFINITE_RECURSION = YES;
				CLANG_WARN_SUSPICIOUS_MOVE = YES;
				CODE_SIGN_IDENTITY = "";
				CURRENT_PROJECT_VERSION = 1;
				DEBUG_INFORMATION_FORMAT = dwarf;
				DEFINES_MODULE = YES;
				DYLIB_COMPATIBILITY_VERSION = 1;
				DYLIB_CURRENT_VERSION = 1;
				DYLIB_INSTALL_NAME_BASE = "@rpath";
				ENABLE_TESTABILITY = YES;
				GCC_NO_COMMON_BLOCKS = YES;
				INFOPLIST_FILE = "SwiftRSS/Info-iOS.plist";
				INSTALL_PATH = "$(LOCAL_LIBRARY_DIR)/Frameworks";
				IPHONEOS_DEPLOYMENT_TARGET = 8.0;
				LD_RUNPATH_SEARCH_PATHS = "$(inherited) @executable_path/Frameworks @loader_path/Frameworks";
				PRODUCT_BUNDLE_IDENTIFIER = com.lelevier.SwiftRSS;
				PRODUCT_NAME = SwiftRSS;
				SKIP_INSTALL = YES;
				SWIFT_ACTIVE_COMPILATION_CONDITIONS = DEBUG;
				SWIFT_VERSION = 3.0;
				TVOS_DEPLOYMENT_TARGET = 9.0;
				VERSIONING_SYSTEM = "apple-generic";
				VERSION_INFO_PREFIX = "";
			};
			name = Debug;
		};
		AA4B97301EC085FA009E5EF4 /* Release */ = {
			isa = XCBuildConfiguration;
			buildSettings = {
				CLANG_ANALYZER_NONNULL = YES;
				CLANG_ANALYZER_NUMBER_OBJECT_CONVERSION = YES_AGGRESSIVE;
				CLANG_WARN_DOCUMENTATION_COMMENTS = YES;
				CLANG_WARN_INFINITE_RECURSION = YES;
				CLANG_WARN_SUSPICIOUS_MOVE = YES;
				CODE_SIGN_IDENTITY = "";
				COPY_PHASE_STRIP = NO;
				CURRENT_PROJECT_VERSION = 1;
				DEBUG_INFORMATION_FORMAT = "dwarf-with-dsym";
				DEFINES_MODULE = YES;
				DYLIB_COMPATIBILITY_VERSION = 1;
				DYLIB_CURRENT_VERSION = 1;
				DYLIB_INSTALL_NAME_BASE = "@rpath";
				GCC_NO_COMMON_BLOCKS = YES;
				INFOPLIST_FILE = "SwiftRSS/Info-iOS.plist";
				INSTALL_PATH = "$(LOCAL_LIBRARY_DIR)/Frameworks";
				IPHONEOS_DEPLOYMENT_TARGET = 8.0;
				LD_RUNPATH_SEARCH_PATHS = "$(inherited) @executable_path/Frameworks @loader_path/Frameworks";
				PRODUCT_BUNDLE_IDENTIFIER = com.lelevier.SwiftRSS;
				PRODUCT_NAME = SwiftRSS;
				SKIP_INSTALL = YES;
				SWIFT_OPTIMIZATION_LEVEL = "-Owholemodule";
				SWIFT_VERSION = 3.0;
				TVOS_DEPLOYMENT_TARGET = 9.0;
				VERSIONING_SYSTEM = "apple-generic";
				VERSION_INFO_PREFIX = "";
			};
			name = Release;
		};
/* End XCBuildConfiguration section */

/* Begin XCConfigurationList section */
		114E26C619BA399B00D292F3 /* Build configuration list for PBXNativeTarget "Tests" */ = {
			isa = XCConfigurationList;
			buildConfigurations = (
				114E26C719BA399B00D292F3 /* Debug */,
				114E26C819BA399B00D292F3 /* Release */,
			);
			defaultConfigurationIsVisible = 0;
			defaultConfigurationName = Release;
		};
		119025D119B92DA1009184BE /* Build configuration list for PBXProject "SwiftRSS_Example" */ = {
			isa = XCConfigurationList;
			buildConfigurations = (
				119025F219B92DA1009184BE /* Debug */,
				119025F319B92DA1009184BE /* Release */,
			);
			defaultConfigurationIsVisible = 0;
			defaultConfigurationName = Release;
		};
		119025F419B92DA1009184BE /* Build configuration list for PBXNativeTarget "SwiftRSS_Example" */ = {
			isa = XCConfigurationList;
			buildConfigurations = (
				119025F519B92DA1009184BE /* Debug */,
				119025F619B92DA1009184BE /* Release */,
			);
			defaultConfigurationIsVisible = 0;
			defaultConfigurationName = Release;
		};
		AA39D11C1EC0A04D0075A9C0 /* Build configuration list for PBXNativeTarget "SwiftRSS-tvOS" */ = {
			isa = XCConfigurationList;
			buildConfigurations = (
				AA39D11D1EC0A04D0075A9C0 /* Debug */,
				AA39D11E1EC0A04D0075A9C0 /* Release */,
			);
			defaultConfigurationIsVisible = 0;
		};
		AA4B97311EC085FA009E5EF4 /* Build configuration list for PBXNativeTarget "SwiftRSS-iOS" */ = {
			isa = XCConfigurationList;
			buildConfigurations = (
				AA4B972F1EC085FA009E5EF4 /* Debug */,
				AA4B97301EC085FA009E5EF4 /* Release */,
			);
			defaultConfigurationIsVisible = 0;
			defaultConfigurationName = Release;
		};
/* End XCConfigurationList section */
	};
	rootObject = 119025CE19B92DA1009184BE /* Project object */;
}
